{
    "_readme": [
        "This file locks the dependencies of your project to a known state",
        "Read more about it at https://getcomposer.org/doc/01-basic-usage.md#installing-dependencies",
        "This file is @generated automatically"
    ],
    "content-hash": "32d97ea95dac44ead0e67604a3497535",
    "packages": [
        {
            "name": "aphp/foundation",
            "version": "2.0.6",
            "source": {
                "type": "git",
                "url": "https://github.com/GonistLelatel/aphp_foundation.git",
                "reference": "36dbac786cf3d522c47750f6d1c5cceafad0ec4b"
            },
            "dist": {
                "type": "zip",
                "url": "https://api.github.com/repos/GonistLelatel/aphp_foundation/zipball/36dbac786cf3d522c47750f6d1c5cceafad0ec4b",
                "reference": "36dbac786cf3d522c47750f6d1c5cceafad0ec4b",
                "shasum": ""
            },
            "type": "php",
            "autoload": {
                "psr-4": {
                    "aphp\\Foundation\\": "src/"
                },
                "files": [
                    "src/Functions.php"
                ]
            },
            "notification-url": "https://packagist.org/downloads/",
            "license": [
                "MIT"
            ],
            "description": "php foundation classes",
            "keywords": [
                "classes",
                "common",
                "container",
                "exceptions",
                "foundation",
                "php",
                "validation",
                "validator"
            ],
            "time": "2019-11-01T21:35:23+00:00"
        },
        {
            "name": "aphp/xpdo",
            "version": "dev-master",
            "source": {
                "type": "git",
                "url": "https://github.com/GonistLelatel/xpdo.git",
                "reference": "d62703a58af9e7aafbc08865827b2844364996c7"
            },
            "dist": {
                "type": "zip",
                "url": "https://api.github.com/repos/GonistLelatel/xpdo/zipball/d62703a58af9e7aafbc08865827b2844364996c7",
                "reference": "d62703a58af9e7aafbc08865827b2844364996c7",
                "shasum": ""
            },
            "require": {
                "aphp/foundation": "~1.0.0|~2.0.0",
                "psr/log": "~1.0"
            },
            "require-dev": {
                "aphp/logger": "~2.0.0"
            },
            "type": "php",
            "autoload": {
                "psr-4": {
                    "aphp\\XPDO\\": "src/"
                }
            },
            "notification-url": "https://packagist.org/downloads/",
            "license": [
                "MIT"
            ],
            "description": "Simple PHP PDO Wrapper for MySQL, for SQLite. ORM (Object Relational Mapping) supported for keys fields.",
            "keywords": [
                "Simple",
                "database",
                "flyweight",
                "mysql",
                "orm",
                "orm-library",
                "ormlite",
                "pdo",
                "php",
                "sqlite"
            ],
            "time": "2019-12-29T12:37:19+00:00"
        },
        {
            "name": "psr/log",
            "version": "dev-master",
            "source": {
                "type": "git",
                "url": "https://github.com/php-fig/log.git",
                "reference": "5628725d0e4d687e29575eb41f9d5ee7de33a84c"
            },
            "dist": {
                "type": "zip",
                "url": "https://api.github.com/repos/php-fig/log/zipball/5628725d0e4d687e29575eb41f9d5ee7de33a84c",
                "reference": "5628725d0e4d687e29575eb41f9d5ee7de33a84c",
                "shasum": ""
            },
            "require": {
                "php": ">=5.3.0"
            },
            "type": "library",
            "extra": {
                "branch-alias": {
                    "dev-master": "1.1.x-dev"
                }
            },
            "autoload": {
                "psr-4": {
                    "Psr\\Log\\": "Psr/Log/"
                }
            },
            "notification-url": "https://packagist.org/downloads/",
            "license": [
                "MIT"
            ],
            "authors": [
                {
                    "name": "PHP-FIG",
                    "homepage": "http://www.php-fig.org/"
                }
            ],
            "description": "Common interface for logging libraries",
            "homepage": "https://github.com/php-fig/log",
            "keywords": [
                "log",
                "psr",
                "psr-3"
            ],
            "time": "2019-11-12T16:45:05+00:00"
        },
        {
            "name": "ruckusing/ruckusing-migrations",
            "version": "dev-master",
            "source": {
                "type": "git",
                "url": "https://github.com/ruckus/ruckusing-migrations.git",
                "reference": "92cc02eb00e884bf0d164866477501a63229c3cd"
            },
            "dist": {
                "type": "zip",
                "url": "https://api.github.com/repos/ruckus/ruckusing-migrations/zipball/92cc02eb00e884bf0d164866477501a63229c3cd",
                "reference": "92cc02eb00e884bf0d164866477501a63229c3cd",
                "shasum": ""
            },
            "require": {
                "php": ">=5.2.0"
            },
            "require-dev": {
                "phpunit/phpunit": "3.7.*"
            },
            "bin": [
                "ruckus.php"
            ],
            "type": "library",
            "autoload": {
                "psr-0": {
                    "Ruckusing": "lib/",
                    "Task": "lib/"
                }
            },
            "notification-url": "https://packagist.org/downloads/",
            "license": [
                "MIT"
            ],
            "authors": [
                {
                    "name": "Cody Caughlan",
                    "email": "codycaughlan@gmail.com",
                    "homepage": "https://github.com/ruckus/ruckusing-migrations/wiki",
                    "role": "Project lead / Developer"
                }
            ],
            "description": "Framework for generating and managing database migrations",
            "homepage": "https://github.com/ruckus/ruckusing-migrations",
            "keywords": [
                "database",
                "migrations",
                "mysql",
                "postgres",
                "rake",
                "ruckusing",
                "task"
            ],
            "time": "2017-09-28T21:30:01+00:00"
        }
    ],
    "packages-dev": [],
    "aliases": [],
    "minimum-stability": "dev",
    "stability-flags": {
        "aphp/xpdo": 20,
        "ruckusing/ruckusing-migrations": 20
    },
    "prefer-stable": false,
    "prefer-lowest": false,
    "platform": {
        "php": ">=7.0.0"
    },
    "platform-dev": []
}
