{
    "_readme": [
        "This file locks the dependencies of your project to a known state",
        "Read more about it at https://getcomposer.org/doc/01-basic-usage.md#installing-dependencies",
        "This file is @generated automatically"
    ],
    "content-hash": "a1c0baa031b0289383c684f6f87410ce",
    "packages": [
        {
            "name": "ark/database",
            "version": "dev-master",
            "source": {
                "type": "git",
                "url": "https://github.com/arkphp/database.git",
                "reference": "5b332d0b0b683bb4211fa12687e7c89a3ab158df"
            },
            "dist": {
                "type": "zip",
                "url": "https://api.github.com/repos/arkphp/database/zipball/5b332d0b0b683bb4211fa12687e7c89a3ab158df",
                "reference": "5b332d0b0b683bb4211fa12687e7c89a3ab158df",
                "shasum": ""
            },
            "require": {
                "psr/log": "^1.0"
            },
            "type": "library",
            "autoload": {
                "psr-4": {
                    "Ark\\Database\\": "src/"
                }
            },
            "notification-url": "https://packagist.org/downloads/",
            "license": [
                "MIT"
            ],
            "authors": [
                {
                    "name": "Liu Dong",
                    "role": "Developer",
                    "email": "ddliuhb@gmail.com",
                    "homepage": "http://codecent.com"
                }
            ],
            "description": "Light weight database abstraction",
            "homepage": "https://github.com/arkphp/database",
            "keywords": [
                "database",
                "mysql",
                "postgresql",
                "sqlite",
                "sqlite3"
            ],
            "time": "2017-11-24T11:21:38+00:00"
        },
        {
            "name": "psr/log",
            "version": "dev-master",
            "source": {
                "type": "git",
                "url": "https://github.com/php-fig/log.git",
                "reference": "c4421fcac1edd5a324fda73e589a5cf96e52ffd0"
            },
            "dist": {
                "type": "zip",
                "url": "https://api.github.com/repos/php-fig/log/zipball/c4421fcac1edd5a324fda73e589a5cf96e52ffd0",
                "reference": "c4421fcac1edd5a324fda73e589a5cf96e52ffd0",
                "shasum": ""
            },
            "require": {
                "php": ">=5.3.0"
            },
            "type": "library",
            "extra": {
                "branch-alias": {
                    "dev-master": "1.1.x-dev"
                }
            },
            "autoload": {
                "psr-4": {
                    "Psr\\Log\\": "Psr/Log/"
                }
            },
            "notification-url": "https://packagist.org/downloads/",
            "license": [
                "MIT"
            ],
            "authors": [
                {
                    "name": "PHP-FIG",
                    "homepage": "http://www.php-fig.org/"
                }
            ],
            "description": "Common interface for logging libraries",
            "homepage": "https://github.com/php-fig/log",
            "keywords": [
                "log",
                "psr",
                "psr-3"
            ],
            "time": "2018-11-21T13:42:00+00:00"
        }
    ],
    "packages-dev": [],
    "aliases": [],
    "minimum-stability": "dev",
    "stability-flags": {
        "ark/database": 20
    },
    "prefer-stable": false,
    "prefer-lowest": false,
    "platform": {
        "php": ">=7.0.0"
    },
    "platform-dev": []
}
